Microsoft Visual Studio Solution File, Format Version 12.00
# Visual Studio Version 17
VisualStudioVersion = 17.5.2.0
MinimumVisualStudioVersion = 10.0.40219.1
Project("{FAE04EC0-301F-11D3-BF4B-00C04F79EFBC}") = "StudentBloggAPI", "StudentBloggAPI.csproj", "{0D322D34-843D-AECB-FEAE-267D3C64F9E8}"
EndProject
Global
	GlobalSection(SolutionConfigurationPlatforms) = preSolution
		Debug|Any CPU = Debug|Any CPU
		Release|Any CPU = Release|Any CPU
	EndGlobalSection
	GlobalSection(ProjectConfigurationPlatforms) = postSolution
		{0D322D34-843D-AECB-FEAE-267D3C64F9E8}.Debug|Any CPU.ActiveCfg = Debug|Any CPU
		{0D322D34-843D-AECB-FEAE-267D3C64F9E8}.Debug|Any CPU.Build.0 = Debug|Any CPU
		{0D322D34-843D-AECB-FEAE-267D3C64F9E8}.Release|Any CPU.ActiveCfg = Release|Any CPU
		{0D322D34-843D-AECB-FEAE-267D3C64F9E8}.Release|Any CPU.Build.0 = Release|Any CPU
	EndGlobalSection
	GlobalSection(SolutionProperties) = preSolution
		HideSolutionNode = FALSE
	EndGlobalSection
	GlobalSection(ExtensibilityGlobals) = postSolution
		SolutionGuid = {E7B3B6BB-687A-4DF2-8C9F-3366489E83BD}
	EndGlobalSection
EndGlobal
